{
  "version": "2",
  "remote": {
    "https://deno.land/std@0.129.0/async/abortable.ts": "a896ac6b0d4237bd2d2d248217cfa1f0d85ccda93cb25ebda55e33850e526be6",
    "https://deno.land/std@0.129.0/async/deadline.ts": "48ac998d7564969f3e6ec6b6f9bf0217ebd00239b1b2292feba61272d5dd58d0",
    "https://deno.land/std@0.129.0/async/debounce.ts": "564273ef242bcfcda19a439132f940db8694173abffc159ea34f07d18fc42620",
    "https://deno.land/std@0.129.0/async/deferred.ts": "bc18e28108252c9f67dfca2bbc4587c3cbf3aeb6e155f8c864ca8ecff992b98a",
    "https://deno.land/std@0.129.0/async/delay.ts": "cbbdf1c87d1aed8edc7bae13592fb3e27e3106e0748f089c263390d4f49e5f6c",
    "https://deno.land/std@0.129.0/async/mod.ts": "2240c6841157738414331f47dee09bb8c0482c5b1980b6e3234dd03515c8132f",
    "https://deno.land/std@0.129.0/async/mux_async_iterator.ts": "f4d1d259b0c694d381770ddaaa4b799a94843eba80c17f4a2ec2949168e52d1e",
    "https://deno.land/std@0.129.0/async/pool.ts": "97b0dd27c69544e374df857a40902e74e39532f226005543eabacb551e277082",
    "https://deno.land/std@0.129.0/async/tee.ts": "1341feb1f5b1a96f8628d0f8fc07d8c43d3813423f18a63bf1b4785568d21b1f",
    "https://deno.land/std@0.129.0/fmt/colors.ts": "30455035d6d728394781c10755351742dd731e3db6771b1843f9b9e490104d37",
    "https://deno.land/std@0.129.0/http/http_status.ts": "71838ad33cb03ff2575f5e8fdea5f930979cdff8a81c11ade497f11d4c026019",
    "https://deno.land/std@0.129.0/http/server.ts": "10c3a7814666cdbabd6f9c18acdcc4593e222275a628280a4868881445fbb5bc",
    "https://deno.land/std@0.129.0/testing/_diff.ts": "9d849cd6877694152e01775b2d93f9d6b7aef7e24bfe3bfafc4d7a1ac8e9f392",
    "https://deno.land/std@0.129.0/testing/asserts.ts": "0a95d9e8076dd3e7f0eeb605a67c148078b4b11f4abcd5eef115b0361b0736a2",
    "https://deno.land/std@0.152.0/_util/assert.ts": "e94f2eb37cebd7f199952e242c77654e43333c1ac4c5c700e929ea3aa5489f74",
    "https://deno.land/std@0.152.0/_util/os.ts": "3b4c6e27febd119d36a416d7a97bd3b0251b77c88942c8f16ee5953ea13e2e49",
    "https://deno.land/std@0.152.0/async/deferred.ts": "bc18e28108252c9f67dfca2bbc4587c3cbf3aeb6e155f8c864ca8ecff992b98a",
    "https://deno.land/std@0.152.0/bytes/bytes_list.ts": "aba5e2369e77d426b10af1de0dcc4531acecec27f9b9056f4f7bfbf8ac147ab4",
    "https://deno.land/std@0.152.0/bytes/equals.ts": "3c3558c3ae85526f84510aa2b48ab2ad7bdd899e2e0f5b7a8ffc85acb3a6043a",
    "https://deno.land/std@0.152.0/bytes/mod.ts": "763f97d33051cc3f28af1a688dfe2830841192a9fea0cbaa55f927b49d49d0bf",
    "https://deno.land/std@0.152.0/crypto/timing_safe_equal.ts": "82a29b737bc8932d75d7a20c404136089d5d23629e94ba14efa98a8cc066c73e",
    "https://deno.land/std@0.152.0/encoding/base64.ts": "c57868ca7fa2fbe919f57f88a623ad34e3d970d675bdc1ff3a9d02bba7409db2",
    "https://deno.land/std@0.152.0/fmt/colors.ts": "6f9340b7fb8cc25a993a99e5efc56fe81bb5af284ff412129dd06df06f53c0b4",
    "https://deno.land/std@0.152.0/http/_negotiation/common.ts": "410e902f01cdd324e4746e8017595be4fc357d6fc4cd6044f2f808a943d7eaf7",
    "https://deno.land/std@0.152.0/http/_negotiation/encoding.ts": "f749c1d539d139af783e8a7741de5a47a98a5e3c9af82b8af512567ccf5fe632",
    "https://deno.land/std@0.152.0/http/_negotiation/language.ts": "53c306186904d2dace4c624a8822542866ad332a7f40ac90e0af1504f95c63d0",
    "https://deno.land/std@0.152.0/http/_negotiation/media_type.ts": "ecdda87286495f7ff25116858f5088856953e2f1585e593d314e0c71b826a137",
    "https://deno.land/std@0.152.0/http/http_errors.ts": "fe9b7f95f7ee0592c3306f8c7aed03ba53d55d1ef81e00041c1171b9588f46d9",
    "https://deno.land/std@0.152.0/http/http_status.ts": "897575a7d6bc2b9123f6a38ecbc0f03d95a532c5d92029315dc9f508e12526b8",
    "https://deno.land/std@0.152.0/http/negotiation.ts": "f35b1ff2ad4ff9feaa00ac234960b398172768205c8eceaef7f2eafe34716ba2",
    "https://deno.land/std@0.152.0/io/buffer.ts": "bd0c4bf53db4b4be916ca5963e454bddfd3fcd45039041ea161dbf826817822b",
    "https://deno.land/std@0.152.0/io/readers.ts": "45847ad404afd2f605eae1cff193f223462bc55eeb9ae313c2f3db28aada0fd6",
    "https://deno.land/std@0.152.0/io/types.d.ts": "0cae3a62da7a37043661746c65c021058bae020b54e50c0e774916e5d4baee43",
    "https://deno.land/std@0.152.0/media_types/_util.ts": "ce9b4fc4ba1c447dafab619055e20fd88236ca6bdd7834a21f98bd193c3fbfa1",
    "https://deno.land/std@0.152.0/media_types/mod.ts": "3829264ca0610cac40f3214f939d7733483523f82bc1041c51045d7c75fb93b8",
    "https://deno.land/std@0.152.0/media_types/vendor/mime-db.v1.52.0.ts": "724cee25fa40f1a52d3937d6b4fbbfdd7791ff55e1b7ac08d9319d5632c7f5af",
    "https://deno.land/std@0.152.0/path/_constants.ts": "df1db3ffa6dd6d1252cc9617e5d72165cd2483df90e93833e13580687b6083c3",
    "https://deno.land/std@0.152.0/path/_interface.ts": "ee3b431a336b80cf445441109d089b70d87d5e248f4f90ff906820889ecf8d09",
    "https://deno.land/std@0.152.0/path/_util.ts": "c1e9686d0164e29f7d880b2158971d805b6e0efc3110d0b3e24e4b8af2190d2b",
    "https://deno.land/std@0.152.0/path/common.ts": "bee563630abd2d97f99d83c96c2fa0cca7cee103e8cb4e7699ec4d5db7bd2633",
    "https://deno.land/std@0.152.0/path/glob.ts": "cb5255638de1048973c3e69e420c77dc04f75755524cb3b2e160fe9277d939ee",
    "https://deno.land/std@0.152.0/path/mod.ts": "56fec03ad0ebd61b6ab39ddb9b0ddb4c4a5c9f2f4f632e09dd37ec9ebfd722ac",
    "https://deno.land/std@0.152.0/path/posix.ts": "c1f7afe274290ea0b51da07ee205653b2964bd74909a82deb07b69a6cc383aaa",
    "https://deno.land/std@0.152.0/path/separator.ts": "fe1816cb765a8068afb3e8f13ad272351c85cbc739af56dacfc7d93d710fe0f9",
    "https://deno.land/std@0.152.0/path/win32.ts": "bd7549042e37879c68ff2f8576a25950abbfca1d696d41d82c7bca0b7e6f452c",
    "https://deno.land/std@0.152.0/streams/conversion.ts": "fc3db02026183da795fa32ac7549868e9f19c75ba029d4b4c3739af62b48517a",
    "https://deno.land/std@0.152.0/testing/_diff.ts": "029a00560b0d534bc0046f1bce4bd36b3b41ada3f2a3178c85686eb2ff5f1413",
    "https://deno.land/std@0.152.0/testing/_format.ts": "0d8dc79eab15b67cdc532826213bbe05bccfd276ca473a50a3fc7bbfb7260642",
    "https://deno.land/std@0.152.0/testing/asserts.ts": "093735c88f52bbead7f60a1f7a97a2ce4df3c2d5fab00a46956f20b4a5793ccd",
    "https://deno.land/std@0.170.0/_util/asserts.ts": "d0844e9b62510f89ce1f9878b046f6a57bf88f208a10304aab50efcb48365272",
    "https://deno.land/std@0.170.0/_util/os.ts": "8a33345f74990e627b9dfe2de9b040004b08ea5146c7c9e8fe9a29070d193934",
    "https://deno.land/std@0.170.0/bytes/index_of_needle.ts": "19db73583cf6e038ca7763dd9fe9b9f2733ffa8be530d7b42f52bc9f3c2ee989",
    "https://deno.land/std@0.170.0/encoding/base64.ts": "8605e018e49211efc767686f6f687827d7f5fd5217163e981d8d693105640d7a",
    "https://deno.land/std@0.170.0/encoding/base64url.ts": "0283b12fcd306c11e3cf26fc022fecc800c6acc19704ea8bdb3908898fcd06d6",
    "https://deno.land/std@0.170.0/node/_core.ts": "92e000441742387f7ded7cc582ca4089c0bc13aa5f00cecdfa4876dc832dfd10",
    "https://deno.land/std@0.170.0/node/_utils.ts": "1085a229e910b3a6672f3c3be05507591811dc67be2ae2188e9fc9ef4376b172",
    "https://deno.land/std@0.170.0/node/buffer.ts": "43f07b2d1523345bf35b7deb7fcdad6e916020a631a7bc1b5efcaff556db4e1d",
    "https://deno.land/std@0.170.0/node/internal/buffer.d.ts": "90f674081428a61978b6d481c5f557ff743a3f4a85d7ae113caab48fdf5b8a63",
    "https://deno.land/std@0.170.0/node/internal/buffer.mjs": "50320a6bcf770f03428e77e5ba46b19f69842539c6493b89c6515ba1b0def6ee",
    "https://deno.land/std@0.170.0/node/internal/crypto/_keys.ts": "63229ff3d8d15b5bd0a1d2ebc19313cbb8ac969875bf16df1ce4f2b497d74fb5",
    "https://deno.land/std@0.170.0/node/internal/crypto/constants.ts": "d2c8821977aef55e4d66414d623c24a2447791a8b49b6404b8db32d81e20c315",
    "https://deno.land/std@0.170.0/node/internal/error_codes.ts": "ac03c4eae33de3a69d6c98e8678003207eecf75a6900eb847e3fea3c8c9e6d8f",
    "https://deno.land/std@0.170.0/node/internal/errors.ts": "b9aec7d1fe3eaf21322d0ea9dc2fcb344055d6b0c7a1bd0f62a0c379a5baa799",
    "https://deno.land/std@0.170.0/node/internal/hide_stack_frames.ts": "a91962ec84610bc7ec86022c4593cdf688156a5910c07b5bcd71994225c13a03",
    "https://deno.land/std@0.170.0/node/internal/normalize_encoding.mjs": "3779ec8a7adf5d963b0224f9b85d1bc974a2ec2db0e858396b5d3c2c92138a0a",
    "https://deno.land/std@0.170.0/node/internal/primordials.mjs": "7cf5afe471583e4a384eeea109bdff276b6b7f3a3af830f99f951fb7d57ef423",
    "https://deno.land/std@0.170.0/node/internal/util.mjs": "35d24fb775468cd24443bcf0ec68904b8aa44e5b53845491a5e3382421917f9a",
    "https://deno.land/std@0.170.0/node/internal/util/inspect.mjs": "1ddace0c97719d2cc0869ba177d375e96051301352ec235cbfb2ecbfcd4e8fba",
    "https://deno.land/std@0.170.0/node/internal/util/types.ts": "5b15a8051a6e58b6c1a424e0e7137b77b0ef60409d54d05db22a97e0d1d5b589",
    "https://deno.land/std@0.170.0/node/internal/validators.mjs": "67deae0f488d013c8bf485742a5478112b8e48837cb2458c4a8b2669cf7017db",
    "https://deno.land/std@0.170.0/node/internal_binding/_libuv_winerror.ts": "801e05c2742ae6cd42a5f0fd555a255a7308a65732551e962e5345f55eedc519",
    "https://deno.land/std@0.170.0/node/internal_binding/_node.ts": "e4075ba8a37aef4eb5b592c8e3807c39cb49ca8653faf8e01a43421938076c1b",
    "https://deno.land/std@0.170.0/node/internal_binding/_utils.ts": "1c50883b5751a9ea1b38951e62ed63bacfdc9d69ea665292edfa28e1b1c5bd94",
    "https://deno.land/std@0.170.0/node/internal_binding/_winerror.ts": "8811d4be66f918c165370b619259c1f35e8c3e458b8539db64c704fbde0a7cd2",
    "https://deno.land/std@0.170.0/node/internal_binding/buffer.ts": "dfba9e1a50b637cfd72e569aa11959dcaf626b898ab7e851d21526a2bdaec588",
    "https://deno.land/std@0.170.0/node/internal_binding/constants.ts": "1ad4de9f76733320527c8bc841b5e4dd5869424924384157a72f3b171bd05b08",
    "https://deno.land/std@0.170.0/node/internal_binding/string_decoder.ts": "5cb1863763d1e9b458bc21d6f976f16d9c18b3b3f57eaf0ade120aee38fba227",
    "https://deno.land/std@0.170.0/node/internal_binding/types.ts": "69000b1b92e0ca999c737f5add38827742b3ca3fe37a2389c80290de0ae6ef01",
    "https://deno.land/std@0.170.0/node/internal_binding/util.ts": "faf5146c3cc3b2d6c26026a818b4a16e91488ab26e63c069f36ba3c3ae24c97b",
    "https://deno.land/std@0.170.0/node/internal_binding/uv.ts": "27922aaec43de314afd99dfca1ce8f4d51ced9f5195e4917b54d387766404f61",
    "https://deno.land/std@0.171.0/collections/filter_values.ts": "5b9feaf17b9a6e5ffccdd36cf6f38fa4ffa94cff2602d381c2ad0c2a97929652",
    "https://deno.land/std@0.171.0/collections/without_all.ts": "a89f5da0b5830defed4f59666e188df411d8fece35a5f6ca69be6ca71a95c185",
    "https://deno.land/std@0.171.0/dotenv/mod.ts": "6e1dbc4737e3f62a5c1f3d2a26a0e5626fb168a198375bef574fedbe86a79f20",
    "https://deno.land/x/free_port@v1.2.0/mod.ts": "512646732aaea41fbfd1f210f3ae82660f38251777d189d290da331d0235a58e",
    "https://deno.land/x/oak@v11.1.0/application.ts": "0a728331822b8e27727ceec48a8499657c3163fc48fd379a8a9578a75f3cdb62",
    "https://deno.land/x/oak@v11.1.0/body.ts": "78402a4936accb80372c4944384658105604352d6783de7ff1e36b8832dd93c9",
    "https://deno.land/x/oak@v11.1.0/buf_reader.ts": "7cf96aa0ac670b75098113cf88a291a68332cc45efa8a9698f064ac5b8098a0f",
    "https://deno.land/x/oak@v11.1.0/content_disposition.ts": "8b8c3cb2fba7138cd5b7f82fc3b5ea39b33db924a824b28261659db7e164621e",
    "https://deno.land/x/oak@v11.1.0/context.ts": "014d1ce40e62a7901411425541b0d5a08018968a330595bd686f8d00222a35bb",
    "https://deno.land/x/oak@v11.1.0/cookies.ts": "d9f94b99f26c6169c6982ce12323c41a548d001bfc28f464264c22dc3dbf2181",
    "https://deno.land/x/oak@v11.1.0/deps.ts": "b897b0f2bec99cd8b402b279b7f21de955d98cbd72835b6c912be5e11c26148b",
    "https://deno.land/x/oak@v11.1.0/etag.ts": "19918f5e1964e3fe6c9fe524a88ffbf9900ce1dfe4146b187b2a86256bb6b663",
    "https://deno.land/x/oak@v11.1.0/headers.ts": "f50fb05614432bda971021633129aa2e8737e0844e0f01c27a937997b4d8dd4f",
    "https://deno.land/x/oak@v11.1.0/helpers.ts": "42212afa07a560b2958359cc19577417e89d9574d6579551a0af36ff7f00cc6e",
    "https://deno.land/x/oak@v11.1.0/http_request.ts": "0831c828816fcb58a5aa8361c6865c4151f4c8b59fabcef2e2cd235bb28170c5",
    "https://deno.land/x/oak@v11.1.0/http_server_flash.ts": "e312754acad26d3d70f243d657547e697921f67f0a2179dbec41a20a3228fd79",
    "https://deno.land/x/oak@v11.1.0/http_server_native.ts": "549dffcd2db5cbb0e44ad50cf9c54956b42a10450b1ac66e1362e32a073c8c1b",
    "https://deno.land/x/oak@v11.1.0/http_server_native_request.ts": "07910ea2ed51af6c4e69addf9015cdd8d2b5c9ee03fd4993e386834a129a9eb6",
    "https://deno.land/x/oak@v11.1.0/isMediaType.ts": "62d638abcf837ece3a8f07a4b7ca59794135cb0d4b73194c7d5837efd4161005",
    "https://deno.land/x/oak@v11.1.0/keyStack.ts": "fa0d5898fb8ba34de1c9cdcf4b2e8434952dc9931671858d33560368784a22ef",
    "https://deno.land/x/oak@v11.1.0/mediaTyper.ts": "042b853fc8e9c3f6c628dd389e03ef481552bf07242efc3f8a1af042102a6105",
    "https://deno.land/x/oak@v11.1.0/middleware.ts": "de14f045a2ddfe845d89b5d3140ff52cbcc6f3b3965391106ce04480f9786737",
    "https://deno.land/x/oak@v11.1.0/middleware/proxy.ts": "b927232f97ec18af4185d7912e45b1191e3ffe24a9c875262ad524211b1274c9",
    "https://deno.land/x/oak@v11.1.0/mod.ts": "de52855c8f626e30ba683fb265c0a0773ba2f5f117b3549b7d9c857edba58338",
    "https://deno.land/x/oak@v11.1.0/multipart.ts": "98fe9f226de8c26a16d067027b69fb1e34ad8c4055767dd157907d06cea36f9a",
    "https://deno.land/x/oak@v11.1.0/range.ts": "68a6df7ab3b868843e33f52deb94c3d4cab25cb9ef369691990c2ac15b04fafb",
    "https://deno.land/x/oak@v11.1.0/request.ts": "5852ad36389b48e0428a6f3c90854d01f10d1b15949b56001e1e75c2a00ef0f9",
    "https://deno.land/x/oak@v11.1.0/response.ts": "867d81f7eb0c65c7b8e0e0e9e145ededd5b6daa9ad922e6adc6a36a525f439a6",
    "https://deno.land/x/oak@v11.1.0/router.ts": "187522a549f6c179ff01d321882a8bfacbfb7f3e24b004ec4534a3613c7f9b0e",
    "https://deno.land/x/oak@v11.1.0/send.ts": "7ef2591792426d62add91536bb434566d4b224247ca343fdd63e486f9d4e9446",
    "https://deno.land/x/oak@v11.1.0/server_sent_event.ts": "948b0fe4cb3fe38c7db15e476eb3b7671ef20e566d130e9f701d7c0146aa47dd",
    "https://deno.land/x/oak@v11.1.0/structured_clone.ts": "ecf42598652b8082f37252cb873d6e257ad728e6fe73c6bd61f343d94501fbde",
    "https://deno.land/x/oak@v11.1.0/testing.ts": "7612656efd2975f7a2e6848609f5971922dbec46b76372c5c623202fdd7b9a85",
    "https://deno.land/x/oak@v11.1.0/types.d.ts": "41951a18c3bfdb11e40707cab75da078ba8a4907cd7d4e11d8536bc2db0dde05",
    "https://deno.land/x/oak@v11.1.0/util.ts": "3af8c4ed04c6cc2bedbe66e562a77fc59c72df31c55a902a63885861ca1639d6",
    "https://deno.land/x/opine@2.1.2/src/methods.ts": "0481daecc6068d24e9e5391818baddf555ab803d39a465dcd259161f8bd8ee49",
    "https://deno.land/x/opine@2.1.2/src/utils/mergeDescriptors.ts": "1fe498d4a1a8dcfd3570f9ca5e0647590d86d029b3c340bfcfdb57002851e41b",
    "https://deno.land/x/path_to_regexp@v6.2.1/index.ts": "894060567837bae8fc9c5cbd4d0a05e9024672083d5883b525c031eea940e556",
    "https://deno.land/x/superdeno@4.8.0/deps.ts": "e2cf96d1129c38e1daf87a405878fa51d5771a0ba9b1c250baa75db0a8cb99df",
    "https://deno.land/x/superdeno@4.8.0/mod.ts": "fa91c501867a4302a4bc92d63cbf934fe5475ebb7bf58335338e001147263c87",
    "https://deno.land/x/superdeno@4.8.0/src/close.ts": "8bd4ab602ebbb048d06697d0c48c30be5f78ab9ad673850965e8014d78cca7a8",
    "https://deno.land/x/superdeno@4.8.0/src/superagent.ts": "8f60187f9278b154ef6bccf09a5ff7d45f81103ad0ce02d45518a6bbe63ce764",
    "https://deno.land/x/superdeno@4.8.0/src/superdeno.ts": "2e2cd4898961ac7688f0c2a4b210bf560a338f6601bd231d74bf8a0956880311",
    "https://deno.land/x/superdeno@4.8.0/src/test.ts": "89386c2c207179cd1854baf40f37cd1c4a5d312f4605d8cdc4d495ff3fd14d10",
    "https://deno.land/x/superdeno@4.8.0/src/types.ts": "0fc4a0a1acf4c3acba3e3d956a9e8917ce32cd47dbb8e75ffadec21a43a8e52f",
    "https://deno.land/x/superdeno@4.8.0/src/utils.ts": "458c1699f73e348745b9b4d081e005dbc12d050fd2899ebf4f919515823ba1c0",
    "https://deno.land/x/superdeno@4.8.0/src/xhrSham.js": "91f28215c07af47155c7abe711a097d67d89916a80d666ef6d26fab3e5179af2",
    "https://deno.land/x/superdeno@4.8.0/version.ts": "c84185c6cf0c198d406ae8892cc56a981002cce5d09e9b6293718bf02ad1d2c4",
    "https://deno.land/x/superoak@4.7.0/deps.ts": "814a22b7182bff7ec6457f753f186ce6c12453759581d711359f76ea14f7caa1",
    "https://deno.land/x/superoak@4.7.0/mod.ts": "6d4ea8a5a48c9007f2e947934889c06259d3ebb5569515bcb0432036a22449cd",
    "https://deno.land/x/superoak@4.7.0/src/superoak.ts": "9c08a3211c4d1f7bb89e88fc3f242536fce654c157aa6db52d3c24f033bb3d28",
    "https://deno.land/x/superoak@4.7.0/version.ts": "7f24547dd88673cc8521f5aed9bf0e1634ba4170707a792ddb6f95d0e5ec8a8c",
    "https://esm.sh/cheerio@1.0.0-rc.12": "0839e28c3fb4b4cde0f5f4dd7d1c8e1046c1bab9e46a70a04fb6fd100c485724",
    "https://esm.sh/v102/boolbase@1.0.0/deno/boolbase.js": "c2de9c6051e43e825cebf96303dccc8c84d84db898ee48f19cb64a52df887f31",
    "https://esm.sh/v102/cheerio-select@2.1.0/deno/cheerio-select.js": "2fec7aa583d56592225b7429a2821c20042cd65ca446c35d6529d163dfd61735",
    "https://esm.sh/v102/cheerio-select@2.1.0/lib/index.d.ts": "5c039892d0096a71b52d8184d3d2408eef83e4c6ec35670db03175a80be6e60d",
    "https://esm.sh/v102/cheerio@1.0.0-rc.12/deno/cheerio.js": "cfeb297762a254f2e216c800dedb9b3840f3a269069a0e65a62440b101c3ef55",
    "https://esm.sh/v102/cheerio@1.0.0-rc.12/deno/lib/utils.js": "600cb799f2a466b2af3ab761439e5ae8a7645764fe68d99cc2f44262b0cf8291",
    "https://esm.sh/v102/cheerio@1.0.0-rc.12/lib/api/attributes.d.ts": "8ef8b9c20dfa57661df423e79e45f681ad33c714ace199b973ed9808463ae45d",
    "https://esm.sh/v102/cheerio@1.0.0-rc.12/lib/api/css.d.ts": "af4e53fc738806575cf72b0348618026ebe541119532c432c9a6a1697f145b11",
    "https://esm.sh/v102/cheerio@1.0.0-rc.12/lib/api/forms.d.ts": "e0affe9609c143266dde4d1d3ce353bf1144321fc60f8cda8a0c07275943f6a9",
    "https://esm.sh/v102/cheerio@1.0.0-rc.12/lib/api/manipulation.d.ts": "d3d6a4dde62d7619cd8d5c9d65951311ea7a259a896ce873edd14da02449e611",
    "https://esm.sh/v102/cheerio@1.0.0-rc.12/lib/api/traversing.d.ts": "0fc8540c096d5a585bd4e7919e850c35c9bc189de75930d6b8f581f331a4f0bf",
    "https://esm.sh/v102/cheerio@1.0.0-rc.12/lib/cheerio.d.ts": "5ec1bf16a89ec0050f400d5ae83d033ab696e06632e01087dfc0b4fa67686007",
    "https://esm.sh/v102/cheerio@1.0.0-rc.12/lib/index.d.ts": "3c3d4dc99b78bec0ce95b850c35745938d6ea225a5ed278b78669e5cf5a4f8c0",
    "https://esm.sh/v102/cheerio@1.0.0-rc.12/lib/load.d.ts": "c30cd58287b71c7ccb03dcc95ab1383f93347113807d5af2ce3e7f8e3df377c2",
    "https://esm.sh/v102/cheerio@1.0.0-rc.12/lib/options.d.ts": "bb3e452cf32d92559f6b169817947de5ad8f741cdd4a55f9d8e3904b3afec2b9",
    "https://esm.sh/v102/cheerio@1.0.0-rc.12/lib/static.d.ts": "198b7820e45b3cc8a3db00cf9908d9333bbafca541a7b66730f43bade0fefb71",
    "https://esm.sh/v102/cheerio@1.0.0-rc.12/lib/types.d.ts": "683b7dd072621c88e3a85abb6b48aaca698767a6f604330758697186278d0b94",
    "https://esm.sh/v102/css-select@5.1.0/deno/css-select.js": "a49ee3c29bce78fce1557e270017dd62888c89027aaf362da7005374b383b337",
    "https://esm.sh/v102/css-select@5.1.0/lib/index.d.ts": "fc057dca7a092a559e4163cc71eec31a370e9ae2cd380f906987b042eb6b58a5",
    "https://esm.sh/v102/css-select@5.1.0/lib/pseudo-selectors/aliases.d.ts": "22cfc60f2b8fcaf300f1bcc8f53b97bd9fbefd5da9f298979709ceaa04e26b45",
    "https://esm.sh/v102/css-select@5.1.0/lib/pseudo-selectors/filters.d.ts": "a16a447cc2feb1b687f577635d06eb13d4da54cd822c6a29497ff699b4fce7b8",
    "https://esm.sh/v102/css-select@5.1.0/lib/pseudo-selectors/index.d.ts": "3bf513cc242ffde32ca83ec6c57e67db6efc7470a545fcbbb7565dae036869b0",
    "https://esm.sh/v102/css-select@5.1.0/lib/pseudo-selectors/pseudos.d.ts": "1dab7198656c79af0f5c4b6db6ed18d5522e470d37517d4309dc662328e2561e",
    "https://esm.sh/v102/css-select@5.1.0/lib/types.d.ts": "89fff8932ff264f1e014aed511f98062f31c3f72eab7a6ab8c2f250962443d14",
    "https://esm.sh/v102/css-what@6.1.0/deno/css-what.js": "b748f3252b086c97e0acf4dcb786fd65e786d9c269e095a6454bbc9cd64bcfe3",
    "https://esm.sh/v102/css-what@6.1.0/lib/es/index.d.ts": "dd85117592208130bfbcff4bf22b517783bcce8fc8521a5881783d33701e1f8a",
    "https://esm.sh/v102/css-what@6.1.0/lib/es/parse.d.ts": "0f32c1fca455670db2f6fac2b04e5a05b7b73ad2eae781d1fafb64d24dc65c64",
    "https://esm.sh/v102/css-what@6.1.0/lib/es/stringify.d.ts": "ff26d3761151ef55a86489fc64aea60dedbab92e37321a4c7e7fe91785535209",
    "https://esm.sh/v102/css-what@6.1.0/lib/es/types.d.ts": "65e53618d67a1da2db60d5a47ac408e642468faa6b179935d528b9d43a760177",
    "https://esm.sh/v102/dom-serializer@2.0.0/deno/dom-serializer.js": "7b619bd86ce1a05b485fa4cbbd4d0b9032bfef77ee044ec3a36b62739ebed7af",
    "https://esm.sh/v102/dom-serializer@2.0.0/lib/index.d.ts": "632c167874e2be808abee6f3d78a0069d705f426015c205c69fc1c6c57f2d06c",
    "https://esm.sh/v102/domelementtype@2.3.0/deno/domelementtype.js": "2bbc5ada9929825ac019e137ffdb26fcf04e3eaccaf0e8d6786cd1b8bb8b8f63",
    "https://esm.sh/v102/domelementtype@2.3.0/lib/index.d.ts": "e307d69c2e131e39db6038b4bd51916c6cd787e01d730ad0c28c60491d0accf2",
    "https://esm.sh/v102/domhandler@5.0.3/deno/domhandler.js": "cf188b785084294631e5dbc6edfda23be1eb3fff095282537ae55225114395e8",
    "https://esm.sh/v102/domhandler@5.0.3/lib/index.d.ts": "587a74d5be3d1ff7904170380e0a40e69ca29c3186e88c9f360462a920051348",
    "https://esm.sh/v102/domhandler@5.0.3/lib/node.d.ts": "55f7683e7321076a6fbe5110aa7f8771772441129bca9bd4285320a6d1683390",
    "https://esm.sh/v102/domutils@3.0.1/deno/domutils.js": "b27f8aa0607c839757013be7f35beecb6825457d383cf87f4903148175d6aab5",
    "https://esm.sh/v102/domutils@3.0.1/lib/feeds.d.ts": "db0999852041a10e586644d13cc8ba86444a0a51a5f086333c5c4d416e68b989",
    "https://esm.sh/v102/domutils@3.0.1/lib/helpers.d.ts": "f3b560ce8385cf26bee74cda6bdaa219b1cc46261ab77059cf3aa07150d45b00",
    "https://esm.sh/v102/domutils@3.0.1/lib/index.d.ts": "58996a89198f6560d407fc41b874103bc6016ab5a0829675f5c419a670a5eb87",
    "https://esm.sh/v102/domutils@3.0.1/lib/legacy.d.ts": "a6647f8788b9ff0bbb9df729052d1e7e138c1385d82ee1ea071869b143bb8080",
    "https://esm.sh/v102/domutils@3.0.1/lib/manipulation.d.ts": "0cc941c2a33b28ccb4b03045d3c78c2c7b5210da8b1134323123cc4be1395fde",
    "https://esm.sh/v102/domutils@3.0.1/lib/querying.d.ts": "990a0a5486eef58cb9834f5f4b656eca99ddc14f9b110b57a14f5226de87fe4b",
    "https://esm.sh/v102/domutils@3.0.1/lib/stringify.d.ts": "cf4fabbdec72b7743c6cf1aca5f365d639d92f997b5da4cec90665663885e65f",
    "https://esm.sh/v102/domutils@3.0.1/lib/traversal.d.ts": "b857b555a4ee710d58e9d7e473698c6e1d9f57691d0f11fd89ca25177ee37ee8",
    "https://esm.sh/v102/entities@4.4.0/deno/entities.js": "ecd597a9def9f23216f11eb50f806d1c9afc634a882891e4b7596513766a50be",
    "https://esm.sh/v102/entities@4.4.0/deno/lib/decode.js": "899639d51d3861f1dae620e9dfa4b8ca1651d34a1c9465dcfd7226dba31c2459",
    "https://esm.sh/v102/entities@4.4.0/deno/lib/escape.js": "3046762ed5a3ccdbb174c5595b1c15d3c0bde7e897130434d0dfca63a1af1aea",
    "https://esm.sh/v102/htmlparser2@8.0.1/deno/htmlparser2.js": "500441e6c34b3d5dca24d12a23d461085c6770d24708718829b6617b9a4c9084",
    "https://esm.sh/v102/htmlparser2@8.0.1/lib/Parser.d.ts": "9055d451e782af8e471d588d05c3d9196a0f5c0f94c61c8f9dca34ba87ab1146",
    "https://esm.sh/v102/htmlparser2@8.0.1/lib/Tokenizer.d.ts": "41787f4904cb436cf92cba22f574829aeb7a527138e1dd228a2084e796c11bb8",
    "https://esm.sh/v102/htmlparser2@8.0.1/lib/index.d.ts": "e1601ec1e18ef7825f0e5981be1639ea25497862445a7ca3f07a2a4ac034de7f",
    "https://esm.sh/v102/node.ns.d.ts": "0fb081f0cd2150931bd54baa04f31466abd9ca701fd9060d07931402cf8367ba",
    "https://esm.sh/v102/nth-check@2.1.1/deno/nth-check.js": "a7aa78a04c30f4cddecb2f157b46b3b996e7589f3c817fcdcf5bcc403649c67e",
    "https://esm.sh/v102/parse5-htmlparser2-tree-adapter@7.0.0/deno/parse5-htmlparser2-tree-adapter.js": "4e88e69baf55e64eb7ef949f745ebaa2c8321954ea738e12dc8507d51635c2b6",
    "https://esm.sh/v102/parse5@7.1.2/deno/parse5.js": "32d7bfec42e23826218ea371f638487fdc5be1e9a6ba973366421aad3c2633f9",
    "https://jspm.dev/npm:call-bind@1.0.2!cjs": "24c188f9241fbc82c6ac2ae1b63bf3a0574885e3fa739ef09b3a476a3a571634",
    "https://jspm.dev/npm:call-bind@1.0.2/callBound!cjs": "a1586c35033398887376229b84f861c77cb686b034ea8a29d0be41bf46623071",
    "https://jspm.dev/npm:call-bind@1/callBound!cjs": "3ff4779595db6e915ae7d9926ba3338b8777ea7af06560bd254c84840faab169",
    "https://jspm.dev/npm:component-emitter@1!cjs": "26c2994a5fcac1cd9156b00be96c5e2f006dd76338095a96006ac3a47c6c327d",
    "https://jspm.dev/npm:component-emitter@1.3.0!cjs": "757cafefb0bf5639f3f90b2267a7d168e03631e731c2a79fca847b735695e196",
    "https://jspm.dev/npm:fast-safe-stringify@2!cjs": "d8dd0803af23f037ffb44c13e18333131af27ebe582f55fd498b6e3c8f6d5a9d",
    "https://jspm.dev/npm:fast-safe-stringify@2.1.1!cjs": "8a14a2de8a07a719c74aa63ffa5ff635fc55e9ee5d5a79fbc2e087dc4aa1940e",
    "https://jspm.dev/npm:function-bind@1!cjs": "c06b352224fa5e98b331aef38c540a409ed7ef1e6515a38f1a737a8e4f42118a",
    "https://jspm.dev/npm:function-bind@1.1.1!cjs": "4fb6903c972da5bcebe751a5b498ec4599987fc1e7157c15d08f388f2986c0f6",
    "https://jspm.dev/npm:get-intrinsic@1!cjs": "d5a80276b49346ab44eede7fbb01efd25a45fe8ff3c5a94d7470613c7ed1c616",
    "https://jspm.dev/npm:get-intrinsic@1.1.2!cjs": "3319b7a0796ec27bd2213632c6cf85736cff3ef324778a1f22d1ea7163f4c074",
    "https://jspm.dev/npm:has-symbols@1!cjs": "48faf647d225b64fa235ccc3e5a848e72221b0230935e421066a5de39aa89c3a",
    "https://jspm.dev/npm:has-symbols@1.0.3!cjs": "36965f84e4e0ea1abeddb6928d0719a2648e61ceb9825df185b40d05cddb64df",
    "https://jspm.dev/npm:has-symbols@1.0.3/shams!cjs": "669673e1dc7691c0b397580760121d57f3a5c5101dd70be2e8dd7d2a044de2e9",
    "https://jspm.dev/npm:has@1!cjs": "79286edf0358a403240ee04be7814df009af2ed8a0f76e7df54b614da4b0ac95",
    "https://jspm.dev/npm:has@1.0.3!cjs": "ecbdcfeef29b4da5a5b3e7e388c08998e1b52e0cca905bd3a06ec457fe0a568a",
    "https://jspm.dev/npm:object-inspect@1!cjs": "0e46f0d93f114fa586e70f479752d46b2d639b3c89707e232caf7affffb58439",
    "https://jspm.dev/npm:object-inspect@1.12.3!cjs": "a16facbf5ee180ef25b54592f1d1f23328dae7c89bf74c11b2459b93621cf981",
    "https://jspm.dev/npm:qs@6!cjs": "6d5517b330b9167061d2b2218ade14ef02d5b08a2afc1c10a63dcdbcd453b974",
    "https://jspm.dev/npm:qs@6.11.0!cjs": "c161fe2742ec913a0d2ae3e7cd5e1d98195f1a166529e75ede42c86b515532b6",
    "https://jspm.dev/npm:qs@6.11.0/_/f84f3239.js": "74a2a3c5ba0f340899e0a00e7e671625c62dbf2cf8f4d4705020aadd93e85e6d",
    "https://jspm.dev/npm:qs@6.11.0/lib/parse!cjs": "a3c0869bef10a9ca89083fc7fa1593b015fc993281b669da92368ec1bda65fcc",
    "https://jspm.dev/npm:qs@6.11.0/lib/stringify!cjs": "ba5f9d6df65d07b383071abf4bd2a77a457e92060eb7f67a08a849d6c9344f9e",
    "https://jspm.dev/npm:side-channel@1!cjs": "a07dfe7165af0d7f916d089490c38839397abcd8b218e4566b270858c9a0ea04",
    "https://jspm.dev/npm:side-channel@1.0.4!cjs": "db65b31b6f9e67d57f04e26d71eb5b376306f5a89ab46fae1278c3ffefb19663",
    "https://jspm.dev/npm:superagent@6.1.0!cjs": "fcf1c0b17cb3ff899b59ae178fc4ab74ad3b592d7fa8b44b16394001758e3176",
    "https://jspm.dev/npm:superagent@6.1.0/lib/agent-base!cjs": "cfe465965a55d80114d835143717413945d0bbc46355d0f7f8200a89902ed006",
    "https://jspm.dev/npm:superagent@6.1.0/lib/is-object!cjs": "95f67ff49b42fd5e82114b9d54a4b3fe1ac98813aed7ceaf53d314983f59820a",
    "https://jspm.dev/npm:superagent@6.1.0/lib/request-base!cjs": "e361c341aa75d7417c918bc8fb697d0ccf96101e039dd2f00e5e45c01c534caa",
    "https://jspm.dev/npm:superagent@6.1.0/lib/response-base!cjs": "00ac549f34d73c2753caa798aa7eb781051179013e3418ff0868a1e1904a8913",
    "https://jspm.dev/npm:superagent@6.1.0/lib/utils!cjs": "ea706523553983c96ef4ab2f191c61c53fb8b78ad8ff2472b48f1385e896c030",
    "https://jspm.dev/superagent@6.1.0": "4b3082d71252c42abd3930d85d1f3c4b2e937e0fab2b5f1c9d19eac20dea89a9"
  },
  "npm": {
    "specifiers": {
      "husky": "husky@8.0.3"
    },
    "packages": {
      "husky@8.0.3": {
        "integrity": "sha512-+dQSyqPh4x1hlO1swXBiNb2HzTDN1I2IGLQx1GrBuiqFJfoMrnZWwVmatvSiO+Iz8fBUnf+lekwNo4c2LlXItg==",
        "dependencies": {}
      }
    }
  }
}
